
Microsoft Visual Studio Solution File, Format Version 12.00
# Visual Studio 2012
Project("{FAE04EC0-301F-11D3-BF4B-00C04F79EFBC}") = "CunoTTY", "CunoTTY.csproj", "{90057912-A1CE-423D-BDCE-8502CCBAFB05}"
EndProject
Global
	GlobalSection(SolutionConfigurationPlatforms) = preSolution
		Debug|x86 = Debug|x86
		Release|x86 = Release|x86
	EndGlobalSection
	GlobalSection(ProjectConfigurationPlatforms) = postSolution
		{90057912-A1CE-423D-BDCE-8502CCBAFB05}.Debug|x86.ActiveCfg = Debug|x86
		{90057912-A1CE-423D-BDCE-8502CCBAFB05}.Debug|x86.Build.0 = Debug|x86
		{90057912-A1CE-423D-BDCE-8502CCBAFB05}.Release|x86.ActiveCfg = Release|x86
		{90057912-A1CE-423D-BDCE-8502CCBAFB05}.Release|x86.Build.0 = Release|x86
	EndGlobalSection
	GlobalSection(MonoDevelopProperties) = preSolution
		StartupItem = CunoTTY.csproj
	EndGlobalSection
EndGlobal
